// !$*UTF8*$!
{
	archiveVersion = 1;
	classes = {
	};
	objectVersion = 48;
	objects = {

/* Begin PBXBuildFile section */
		F9DA00811F9DC07400B64278 /* AppDelegate.swift in Sources */ = {isa = PBXBuildFile; fileRef = F9DA00801F9DC07400B64278 /* AppDelegate.swift */; };
		F9DA00831F9DC07400B64278 /* ViewController.swift in Sources */ = {isa = PBXBuildFile; fileRef = F9DA00821F9DC07400B64278 /* ViewController.swift */; };
		F9DA00861F9DC07400B64278 /* Main.storyboard in Resources */ = {isa = PBXBuildFile; fileRef = F9DA00841F9DC07400B64278 /* Main.storyboard */; };
		F9DA00881F9DC07400B64278 /* Assets.xcassets in Resources */ = {isa = PBXBuildFile; fileRef = F9DA00871F9DC07400B64278 /* Assets.xcassets */; };
		F9DA008B1F9DC07400B64278 /* LaunchScreen.storyboard in Resources */ = {isa = PBXBuildFile; fileRef = F9DA00891F9DC07400B64278 /* LaunchScreen.storyboard */; };
/* End PBXBuildFile section */

/* Begin PBXFileReference section */
		F9DA007D1F9DC07400B64278 /* SchedulingApp.app */ = {isa = PBXFileReference; explicitFileType = wrapper.application; includeInIndex = 0; path = SchedulingApp.app; sourceTree = BUILT_PRODUCTS_DIR; };
		F9DA00801F9DC07400B64278 /* AppDelegate.swift */ = {isa = PBXFileReference; lastKnownFileType = sourcecode.swift; path = AppDelegate.swift; sourceTree = "<group>"; };
		F9DA00821F9DC07400B64278 /* ViewController.swift */ = {isa = PBXFileReference; lastKnownFileType = sourcecode.swift; path = ViewController.swift; sourceTree = "<group>"; };
		F9DA00851F9DC07400B64278 /* Base */ = {isa = PBXFileReference; lastKnownFileType = file.storyboard; name = Base; path = Base.lproj/Main.storyboard; sourceTree = "<group>"; };
		F9DA00871F9DC07400B64278 /* Assets.xcassets */ = {isa = PBXFileReference; lastKnownFileType = folder.assetcatalog; path = Assets.xcassets; sourceTree = "<group>"; };
		F9DA008A1F9DC07400B64278 /* Base */ = {isa = PBXFileReference; lastKnownFileType = file.storyboard; name = Base; path = Base.lproj/LaunchScreen.storyboard; sourceTree = "<group>"; };
		F9DA008C1F9DC07400B64278 /* Info.plist */ = {isa = PBXFileReference; lastKnownFileType = text.plist.xml; path = Info.plist; sourceTree = "<group>"; };
/* End PBXFileReference section */

/* Begin PBXFrameworksBuildPhase section */
		F9DA007A1F9DC07400B64278 /* Frameworks */ = {
			isa = PBXFrameworksBuildPhase;
			buildActionMask = 2147483647;
			files = (
			);
			runOnlyForDeploymentPostprocessing = 0;
		};
/* End PBXFrameworksBuildPhase section */

/* Begin PBXGroup section */
		F9DA00741F9DC07400B64278 = {
			isa = PBXGroup;
			children = (
				F9DA007F1F9DC07400B64278 /* SchedulingApp */,
				F9DA007E1F9DC07400B64278 /* Products */,
			);
			sourceTree = "<group>";
		};
		F9DA007E1F9DC07400B64278 /* Products */ = {
			isa = PBXGroup;
			children = (
				F9DA007D1F9DC07400B64278 /* SchedulingApp.app */,
			);
			name = Products;
			sourceTree = "<group>";
		};
		F9DA007F1F9DC07400B64278 /* SchedulingApp */ = {
			isa = PBXGroup;
			children = (
				F9DA00801F9DC07400B64278 /* AppDelegate.swift */,
				F9DA00821F9DC07400B64278 /* ViewController.swift */,
				F9DA00841F9DC07400B64278 /* Main.storyboard */,
				F9DA00871F9DC07400B64278 /* Assets.xcassets */,
				F9DA00891F9DC07400B64278 /* LaunchScreen.storyboard */,
				F9DA008C1F9DC07400B64278 /* Info.plist */,
			);
			path = SchedulingApp;
			sourceTree = "<group>";
		};
/* End PBXGroup section */

/* Begin PBXNativeTarget section */
		F9DA007C1F9DC07400B64278 /* SchedulingApp */ = {
			isa = PBXNativeTarget;
			buildConfigurationList = F9DA008F1F9DC07400B64278 /* Build configuration list for PBXNativeTarget "SchedulingApp" */;
			buildPhases = (
				F9DA00791F9DC07400B64278 /* Sources */,
				F9DA007A1F9DC07400B64278 /* Frameworks */,
				F9DA007B1F9DC07400B64278 /* Resources */,
			);
			buildRules = (
			);
			dependencies = (
			);
			name = SchedulingApp;
			productName = SchedulingApp;
			productReference = F9DA007D1F9DC07400B64278 /* SchedulingApp.app */;
			productType = "com.apple.product-type.application";
		};
/* End PBXNativeTarget section */

/* Begin PBXProject section */
		F9DA00751F9DC07400B64278 /* Project object */ = {
			isa = PBXProject;
			attributes = {
				LastSwiftUpdateCheck = 0900;
				LastUpgradeCheck = 0900;
				ORGANIZATIONNAME = "Rohit Kulkarni";
				TargetAttributes = {
					F9DA007C1F9DC07400B64278 = {
						CreatedOnToolsVersion = 9.0.1;
						ProvisioningStyle = Automatic;
					};
				};
			};
			buildConfigurationList = F9DA00781F9DC07400B64278 /* Build configuration list for PBXProject "SchedulingApp" */;
			compatibilityVersion = "Xcode 8.0";
			developmentRegion = en;
			hasScannedForEncodings = 0;
			knownRegions = (
				en,
				Base,
			);
			mainGroup = F9DA00741F9DC07400B64278;
			productRefGroup = F9DA007E1F9DC07400B64278 /* Products */;
			projectDirPath = "";
			projectRoot = "";
			targets = (
				F9DA007C1F9DC07400B64278 /* SchedulingApp */,
			);
		};
/* End PBXProject section */

/* Begin PBXResourcesBuildPhase section */
		F9DA007B1F9DC07400B64278 /* Resources */ = {
			isa = PBXResourcesBuildPhase;
			buildActionMask = 2147483647;
			files = (
				F9DA008B1F9DC07400B64278 /* LaunchScreen.storyboard in Resources */,
				F9DA00881F9DC07400B64278 /* Assets.xcassets in Resources */,
				F9DA00861F9DC07400B64278 /* Main.storyboard in Resources */,
			);
			runOnlyForDeploymentPostprocessing = 0;
		};
/* End PBXResourcesBuildPhase section */

/* Begin PBXSourcesBuildPhase section */
		F9DA00791F9DC07400B64278 /* Sources */ = {
			isa = PBXSourcesBuildPhase;
			buildActionMask = 2147483647;
			files = (
				F9DA00831F9DC07400B64278 /* ViewController.swift in Sources */,
				F9DA00811F9DC07400B64278 /* AppDelegate.swift in Sources */,
			);
			runOnlyForDeploymentPostprocessing = 0;
		};
/* End PBXSourcesBuildPhase section */

/* Begin PBXVariantGroup section */
		F9DA00841F9DC07400B64278 /* Main.storyboard */ = {
			isa = PBXVariantGroup;
			children = (
				F9DA00851F9DC07400B64278 /* Base */,
			);
			name = Main.storyboard;
			sourceTree = "<group>";
		};
		F9DA00891F9DC07400B64278 /* LaunchScreen.storyboard */ = {
			isa = PBXVariantGroup;
			children = (
				F9DA008A1F9DC07400B64278 /* Base */,
			);
			name = LaunchScreen.storyboard;
			sourceTree = "<group>";
		};
/* End PBXVariantGroup section */

/* Begin XCBuildConfiguration section */
		F9DA008D1F9DC07400B64278 /* Debug */ = {
			isa = XCBuildConfiguration;
			buildSettings = {
				ALWAYS_SEARCH_USER_PATHS = NO;
				CLANG_ANALYZER_NONNULL = YES;
				CLANG_ANALYZER_NUMBER_OBJECT_CONVERSION = YES_AGGRESSIVE;
				CLANG_CXX_LANGUAGE_STANDARD = "gnu++14";
				CLANG_CXX_LIBRARY = "libc++";
				CLANG_ENABLE_MODULES = YES;
				CLANG_ENABLE_OBJC_ARC = YES;
				CLANG_WARN_BLOCK_CAPTURE_AUTORELEASING = YES;
				CLANG_WARN_BOOL_CONVERSION = YES;
				CLANG_WARN_COMMA = YES;
				CLANG_WARN_CONSTANT_CONVERSION = YES;
				CLANG_WARN_DIRECT_OBJC_ISA_USAGE = YES_ERROR;
				CLANG_WARN_DOCUMENTATION_COMMENTS = YES;
				CLANG_WARN_EMPTY_BODY = YES;
				CLANG_WARN_ENUM_CONVERSION = YES;
				CLANG_WARN_INFINITE_RECURSION = YES;
				CLANG_WARN_INT_CONVERSION = YES;
				CLANG_WARN_NON_LITERAL_NULL_CONVERSION = YES;
				CLANG_WARN_OBJC_LITERAL_CONVERSION = YES;
				CLANG_WARN_OBJC_ROOT_CLASS = YES_ERROR;
				CLANG_WARN_RANGE_LOOP_ANALYSIS = YES;
				CLANG_WARN_STRICT_PROTOTYPES = YES;
				CLANG_WARN_SUSPICIOUS_MOVE = YES;
				CLANG_WARN_UNGUARDED_AVAILABILITY = YES_AGGRESSIVE;
				CLANG_WARN_UNREACHABLE_CODE = YES;
				CLANG_WARN__DUPLICATE_METHOD_MATCH = YES;
				CODE_SIGN_IDENTITY = "iPhone Developer";
				COPY_PHASE_STRIP = NO;
				DEBUG_INFORMATION_FORMAT = dwarf;
				ENABLE_STRICT_OBJC_MSGSEND = YES;
				ENABLE_TESTABILITY = YES;
				GCC_C_LANGUAGE_STANDARD = gnu11;
				GCC_DYNAMIC_NO_PIC = NO;
				GCC_NO_COMMON_BLOCKS = YES;
				GCC_OPTIMIZATION_LEVEL = 0;
				GCC_PREPROCESSOR_DEFINITIONS = (
					"DEBUG=1",
					"$(inherited)",
				);
				GCC_WARN_64_TO_32_BIT_CONVERSION = YES;
				GCC_WARN_ABOUT_RETURN_TYPE = YES_ERROR;
				GCC_WARN_UNDECLARED_SELECTOR = YES;
				GCC_WARN_UNINITIALIZED_AUTOS = YES_AGGRESSIVE;
				GCC_WARN_UNUSED_FUNCTION = YES;
				GCC_WARN_UNUSED_VARIABLE = YES;
				IPHONEOS_DEPLOYMENT_TARGET = 11.0;
				MTL_ENABLE_DEBUG_INFO = YES;
				ONLY_ACTIVE_ARCH = YES;
				SDKROOT = iphoneos;
				SWIFT_ACTIVE_COMPILATION_CONDITIONS = DEBUG;
				SWIFT_OPTIMIZATION_LEVEL = "-Onone";
			};
			name = Debug;
		};
		F9DA008E1F9DC07400B64278 /* Release */ = {
			isa = XCBuildConfiguration;
			buildSettings = {
				ALWAYS_SEARCH_USER_PATHS = NO;
				CLANG_ANALYZER_NONNULL = YES;
				CLANG_ANALYZER_NUMBER_OBJECT_CONVERSION = YES_AGGRESSIVE;
				CLANG_CXX_LANGUAGE_STANDARD = "gnu++14";
				CLANG_CXX_LIBRARY = "libc++";
				CLANG_ENABLE_MODULES = YES;
				CLANG_ENABLE_OBJC_ARC = YES;
				CLANG_WARN_BLOCK_CAPTURE_AUTORELEASING = YES;
				CLANG_WARN_BOOL_CONVERSION = YES;
				CLANG_WARN_COMMA = YES;
				CLANG_WARN_CONSTANT_CONVERSION = YES;
				CLANG_WARN_DIRECT_OBJC_ISA_USAGE = YES_ERROR;
				CLANG_WARN_DOCUMENTATION_COMMENTS = YES;
				CLANG_WARN_EMPTY_BODY = YES;
				CLANG_WARN_ENUM_CONVERSION = YES;
				CLANG_WARN_INFINITE_RECURSION = YES;
				CLANG_WARN_INT_CONVERSION = YES;
				CLANG_WARN_NON_LITERAL_NULL_CONVERSION = YES;
				CLANG_WARN_OBJC_LITERAL_CONVERSION = YES;
				CLANG_WARN_OBJC_ROOT_CLASS = YES_ERROR;
				CLANG_WARN_RANGE_LOOP_ANALYSIS = YES;
				CLANG_WARN_STRICT_PROTOTYPES = YES;
				CLANG_WARN_SUSPICIOUS_MOVE = YES;
				CLANG_WARN_UNGUARDED_AVAILABILITY = YES_AGGRESSIVE;
				CLANG_WARN_UNREACHABLE_CODE = YES;
				CLANG_WARN__DUPLICATE_METHOD_MATCH = YES;
				CODE_SIGN_IDENTITY = "iPhone Developer";
				COPY_PHASE_STRIP = NO;
				DEBUG_INFORMATION_FORMAT = "dwarf-with-dsym";
				ENABLE_NS_ASSERTIONS = NO;
				ENABLE_STRICT_OBJC_MSGSEND = YES;
				GCC_C_LANGUAGE_STANDARD = gnu11;
				GCC_NO_COMMON_BLOCKS = YES;
				GCC_WARN_64_TO_32_BIT_CONVERSION = YES;
				GCC_WARN_ABOUT_RETURN_TYPE = YES_ERROR;
				GCC_WARN_UNDECLARED_SELECTOR = YES;
				GCC_WARN_UNINITIALIZED_AUTOS = YES_AGGRESSIVE;
				GCC_WARN_UNUSED_FUNCTION = YES;
				GCC_WARN_UNUSED_VARIABLE = YES;
				IPHONEOS_DEPLOYMENT_TARGET = 11.0;
				MTL_ENABLE_DEBUG_INFO = NO;
				SDKROOT = iphoneos;
				SWIFT_OPTIMIZATION_LEVEL = "-Owholemodule";
				VALIDATE_PRODUCT = YES;
			};
			name = Release;
		};
		F9DA00901F9DC07400B64278 /* Debug */ = {
			isa = XCBuildConfiguration;
			buildSettings = {
				ASSETCATALOG_COMPILER_APPICON_NAME = AppIcon;
				CODE_SIGN_STYLE = Automatic;
				DEVELOPMENT_TEAM = 9FQK65797M;
				INFOPLIST_FILE = SchedulingApp/Info.plist;
				IPHONEOS_DEPLOYMENT_TARGET = 11.0;
				LD_RUNPATH_SEARCH_PATHS = "$(inherited) @executable_path/Frameworks";
				PRODUCT_BUNDLE_IDENTIFIER = com.rohitkulkarni.SchedulingApp;
				PRODUCT_NAME = "$(TARGET_NAME)";
				SWIFT_VERSION = 4.0;
				TARGETED_DEVICE_FAMILY = 1;
			};
			name = Debug;
		};
		F9DA00911F9DC07400B64278 /* Release */ = {
			isa = XCBuildConfiguration;
			buildSettings = {
				ASSETCATALOG_COMPILER_APPICON_NAME = AppIcon;
				CODE_SIGN_STYLE = Automatic;
				DEVELOPMENT_TEAM = 9FQK65797M;
				INFOPLIST_FILE = SchedulingApp/Info.plist;
				IPHONEOS_DEPLOYMENT_TARGET = 11.0;
				LD_RUNPATH_SEARCH_PATHS = "$(inherited) @executable_path/Frameworks";
				PRODUCT_BUNDLE_IDENTIFIER = com.rohitkulkarni.SchedulingApp;
				PRODUCT_NAME = "$(TARGET_NAME)";
				SWIFT_VERSION = 4.0;
				TARGETED_DEVICE_FAMILY = 1;
			};
			name = Release;
		};
/* End XCBuildConfiguration section */

/* Begin XCConfigurationList section */
		F9DA00781F9DC07400B64278 /* Build configuration list for PBXProject "SchedulingApp" */ = {
			isa = XCConfigurationList;
			buildConfigurations = (
				F9DA008D1F9DC07400B64278 /* Debug */,
				F9DA008E1F9DC07400B64278 /* Release */,
			);
			defaultConfigurationIsVisible = 0;
			defaultConfigurationName = Release;
		};
		F9DA008F1F9DC07400B64278 /* Build configuration list for PBXNativeTarget "SchedulingApp" */ = {
			isa = XCConfigurationList;
			buildConfigurations = (
				F9DA00901F9DC07400B64278 /* Debug */,
				F9DA00911F9DC07400B64278 /* Release */,
			);
			defaultConfigurationIsVisible = 0;
			defaultConfigurationName = Release;
		};
/* End XCConfigurationList section */
	};
	rootObject = F9DA00751F9DC07400B64278 /* Project object */;
}
